// !$*UTF8*$!
{
	archiveVersion = 1;
	classes = {
	};
	objectVersion = 46;
	objects = {

/* Begin PBXBuildFile section */
		5A923BB97DEB48568939414E /* libPods.a in Frameworks */ = {isa = PBXBuildFile; fileRef = 74C82BAC16084C17A3117F34 /* libPods.a */; };
		EA045B93191C35CA006E660B /* MenuTableViewCell.m in Sources */ = {isa = PBXBuildFile; fileRef = EA045B92191C35C9006E660B /* MenuTableViewCell.m */; };
		EA0E69D0191AF6B00025AE6C /* Podfile in Resources */ = {isa = PBXBuildFile; fileRef = EA0E69CF191AF6B00025AE6C /* Podfile */; };
		EA23A77718ACCB1900AD2BF3 /* MemoryDataSource.m in Sources */ = {isa = PBXBuildFile; fileRef = EA23A77618ACCB1900AD2BF3 /* MemoryDataSource.m */; };
		EA26D37017DD582E0066C43B /* UIKit.framework in Frameworks */ = {isa = PBXBuildFile; fileRef = EA26D36F17DD582E0066C43B /* UIKit.framework */; };
		EA26D37217DD582E0066C43B /* Foundation.framework in Frameworks */ = {isa = PBXBuildFile; fileRef = EA26D37117DD582E0066C43B /* Foundation.framework */; };
		EA26D37417DD582E0066C43B /* CoreGraphics.framework in Frameworks */ = {isa = PBXBuildFile; fileRef = EA26D37317DD582E0066C43B /* CoreGraphics.framework */; };
		EA26D37A17DD582E0066C43B /* InfoPlist.strings in Resources */ = {isa = PBXBuildFile; fileRef = EA26D37817DD582E0066C43B /* InfoPlist.strings */; };
		EA26D37C17DD582E0066C43B /* main.m in Sources */ = {isa = PBXBuildFile; fileRef = EA26D37B17DD582E0066C43B /* main.m */; };
		EA26D38017DD582E0066C43B /* AppDelegate.m in Sources */ = {isa = PBXBuildFile; fileRef = EA26D37F17DD582E0066C43B /* AppDelegate.m */; };
		EA26D38217DD582E0066C43B /* Default.png in Resources */ = {isa = PBXBuildFile; fileRef = EA26D38117DD582E0066C43B /* Default.png */; };
		EA26D38417DD582E0066C43B /* Default@2x.png in Resources */ = {isa = PBXBuildFile; fileRef = EA26D38317DD582E0066C43B /* Default@2x.png */; };
		EA26D38617DD582E0066C43B /* Default-568h@2x.png in Resources */ = {isa = PBXBuildFile; fileRef = EA26D38517DD582E0066C43B /* Default-568h@2x.png */; };
		EA26D38917DD582E0066C43B /* MainStoryboard.storyboard in Resources */ = {isa = PBXBuildFile; fileRef = EA26D38717DD582E0066C43B /* MainStoryboard.storyboard */; };
		EA26D38C17DD582E0066C43B /* ListEventViewController.m in Sources */ = {isa = PBXBuildFile; fileRef = EA26D38B17DD582E0066C43B /* ListEventViewController.m */; };
		EA26D39A17DD5A280066C43B /* ListEventCell.m in Sources */ = {isa = PBXBuildFile; fileRef = EA26D39917DD5A280066C43B /* ListEventCell.m */; };
		EA26D39E17DD5B370066C43B /* ListEvent.m in Sources */ = {isa = PBXBuildFile; fileRef = EA26D39D17DD5B370066C43B /* ListEvent.m */; };
		EA26D3A517DD5E220066C43B /* CustomCellColor.m in Sources */ = {isa = PBXBuildFile; fileRef = EA26D3A417DD5E220066C43B /* CustomCellColor.m */; };
		EA33247218A8DDAB00916A7E /* super-rough-nav2.png in Resources */ = {isa = PBXBuildFile; fileRef = EA33247118A8DDAB00916A7E /* super-rough-nav2.png */; };
		EA5589F01931D13600D5F97B /* pencil.png in Resources */ = {isa = PBXBuildFile; fileRef = EA5589EF1931D13600D5F97B /* pencil.png */; };
		EA5589F21931D71100D5F97B /* trash-2.png in Resources */ = {isa = PBXBuildFile; fileRef = EA5589F11931D71100D5F97B /* trash-2.png */; };
		EA5589F41931D8E400D5F97B /* super-rough-nav2-trash2.png in Resources */ = {isa = PBXBuildFile; fileRef = EA5589F31931D8E400D5F97B /* super-rough-nav2-trash2.png */; };
		EA6C592A191B209400BC7469 /* MenuViewController.m in Sources */ = {isa = PBXBuildFile; fileRef = EA6C5929191B209400BC7469 /* MenuViewController.m */; };
		EA74F46418AC567B00B2B5E9 /* super-rough-nav2-check.png in Resources */ = {isa = PBXBuildFile; fileRef = EA74F46218AC567B00B2B5E9 /* super-rough-nav2-check.png */; };
		EA74F46518AC567B00B2B5E9 /* super-rough-nav2-trash.png in Resources */ = {isa = PBXBuildFile; fileRef = EA74F46318AC567B00B2B5E9 /* super-rough-nav2-trash.png */; };
		EA762F9017EBA14E00B80123 /* DetailViewController.m in Sources */ = {isa = PBXBuildFile; fileRef = EA762F8F17EBA14E00B80123 /* DetailViewController.m */; };
		EA7C51A119B2B9270028FFF9 /* checkmark-icon.png in Resources */ = {isa = PBXBuildFile; fileRef = EA7C519F19B2B9270028FFF9 /* checkmark-icon.png */; };
		EA7C51A219B2B9270028FFF9 /* trash-can-icon.png in Resources */ = {isa = PBXBuildFile; fileRef = EA7C51A019B2B9270028FFF9 /* trash-can-icon.png */; };
		EAB8DA4018FE3A090021D595 /* List.m in Sources */ = {isa = PBXBuildFile; fileRef = EAB8DA3F18FE3A090021D595 /* List.m */; };
		EAC4409019B56E9000340334 /* to-do-icon-rough2.png in Resources */ = {isa = PBXBuildFile; fileRef = EAC4408F19B56E9000340334 /* to-do-icon-rough2.png */; };
		EAC4409219B5701200340334 /* to-do-icon-rough3.png in Resources */ = {isa = PBXBuildFile; fileRef = EAC4409119B5701200340334 /* to-do-icon-rough3.png */; };
		EAEB577E18F67A2D006C42F8 /* ListSet.m in Sources */ = {isa = PBXBuildFile; fileRef = EAEB577D18F67A2D006C42F8 /* ListSet.m */; };
		EAEB578118F67CFA006C42F8 /* ListSetDataSource.m in Sources */ = {isa = PBXBuildFile; fileRef = EAEB578018F67CFA006C42F8 /* ListSetDataSource.m */; };
		EAFDD8711856F2200049F482 /* save_data.plist in Resources */ = {isa = PBXBuildFile; fileRef = EAFDD8701856F2200049F482 /* save_data.plist */; };
/* End PBXBuildFile section */

/* Begin PBXFileReference section */
		74C82BAC16084C17A3117F34 /* libPods.a */ = {isa = PBXFileReference; explicitFileType = archive.ar; includeInIndex = 0; path = libPods.a; sourceTree = BUILT_PRODUCTS_DIR; };
		EA045B91191C35C9006E660B /* MenuTableViewCell.h */ = {isa = PBXFileReference; fileEncoding = 4; lastKnownFileType = sourcecode.c.h; path = MenuTableViewCell.h; sourceTree = "<group>"; };
		EA045B92191C35C9006E660B /* MenuTableViewCell.m */ = {isa = PBXFileReference; fileEncoding = 4; lastKnownFileType = sourcecode.c.objc; path = MenuTableViewCell.m; sourceTree = "<group>"; };
		EA0E69CF191AF6B00025AE6C /* Podfile */ = {isa = PBXFileReference; fileEncoding = 4; lastKnownFileType = text; path = Podfile; sourceTree = "<group>"; xcLanguageSpecificationIdentifier = xcode.lang.ruby; };
		EA23A77518ACCB1900AD2BF3 /* MemoryDataSource.h */ = {isa = PBXFileReference; fileEncoding = 4; lastKnownFileType = sourcecode.c.h; path = MemoryDataSource.h; sourceTree = "<group>"; };
		EA23A77618ACCB1900AD2BF3 /* MemoryDataSource.m */ = {isa = PBXFileReference; fileEncoding = 4; lastKnownFileType = sourcecode.c.objc; path = MemoryDataSource.m; sourceTree = "<group>"; };
		EA26D36C17DD582E0066C43B /* project2 part 3.app */ = {isa = PBXFileReference; explicitFileType = wrapper.application; includeInIndex = 0; path = "project2 part 3.app"; sourceTree = BUILT_PRODUCTS_DIR; };
		EA26D36F17DD582E0066C43B /* UIKit.framework */ = {isa = PBXFileReference; lastKnownFileType = wrapper.framework; name = UIKit.framework; path = System/Library/Frameworks/UIKit.framework; sourceTree = SDKROOT; };
		EA26D37117DD582E0066C43B /* Foundation.framework */ = {isa = PBXFileReference; lastKnownFileType = wrapper.framework; name = Foundation.framework; path = System/Library/Frameworks/Foundation.framework; sourceTree = SDKROOT; };
		EA26D37317DD582E0066C43B /* CoreGraphics.framework */ = {isa = PBXFileReference; lastKnownFileType = wrapper.framework; name = CoreGraphics.framework; path = System/Library/Frameworks/CoreGraphics.framework; sourceTree = SDKROOT; };
		EA26D37717DD582E0066C43B /* project2 part 3-Info.plist */ = {isa = PBXFileReference; lastKnownFileType = text.plist.xml; path = "project2 part 3-Info.plist"; sourceTree = "<group>"; };
		EA26D37917DD582E0066C43B /* en */ = {isa = PBXFileReference; lastKnownFileType = text.plist.strings; name = en; path = en.lproj/InfoPlist.strings; sourceTree = "<group>"; };
		EA26D37B17DD582E0066C43B /* main.m */ = {isa = PBXFileReference; lastKnownFileType = sourcecode.c.objc; path = main.m; sourceTree = "<group>"; };
		EA26D37D17DD582E0066C43B /* project2 part 3-Prefix.pch */ = {isa = PBXFileReference; lastKnownFileType = sourcecode.c.h; path = "project2 part 3-Prefix.pch"; sourceTree = "<group>"; };
		EA26D37E17DD582E0066C43B /* AppDelegate.h */ = {isa = PBXFileReference; lastKnownFileType = sourcecode.c.h; path = AppDelegate.h; sourceTree = "<group>"; };
		EA26D37F17DD582E0066C43B /* AppDelegate.m */ = {isa = PBXFileReference; lastKnownFileType = sourcecode.c.objc; path = AppDelegate.m; sourceTree = "<group>"; };
		EA26D38117DD582E0066C43B /* Default.png */ = {isa = PBXFileReference; lastKnownFileType = image.png; path = Default.png; sourceTree = "<group>"; };
		EA26D38317DD582E0066C43B /* Default@2x.png */ = {isa = PBXFileReference; lastKnownFileType = image.png; path = "Default@2x.png"; sourceTree = "<group>"; };
		EA26D38517DD582E0066C43B /* Default-568h@2x.png */ = {isa = PBXFileReference; lastKnownFileType = image.png; path = "Default-568h@2x.png"; sourceTree = "<group>"; };
		EA26D38817DD582E0066C43B /* en */ = {isa = PBXFileReference; lastKnownFileType = file.storyboard; name = en; path = en.lproj/MainStoryboard.storyboard; sourceTree = "<group>"; };
		EA26D38A17DD582E0066C43B /* ListEventViewController.h */ = {isa = PBXFileReference; lastKnownFileType = sourcecode.c.h; path = ListEventViewController.h; sourceTree = "<group>"; };
		EA26D38B17DD582E0066C43B /* ListEventViewController.m */ = {isa = PBXFileReference; lastKnownFileType = sourcecode.c.objc; path = ListEventViewController.m; sourceTree = "<group>"; };
		EA26D39817DD5A280066C43B /* ListEventCell.h */ = {isa = PBXFileReference; fileEncoding = 4; lastKnownFileType = sourcecode.c.h; path = ListEventCell.h; sourceTree = "<group>"; };
		EA26D39917DD5A280066C43B /* ListEventCell.m */ = {isa = PBXFileReference; fileEncoding = 4; lastKnownFileType = sourcecode.c.objc; path = ListEventCell.m; sourceTree = "<group>"; };
		EA26D39C17DD5B370066C43B /* ListEvent.h */ = {isa = PBXFileReference; fileEncoding = 4; lastKnownFileType = sourcecode.c.h; path = ListEvent.h; sourceTree = "<group>"; };
		EA26D39D17DD5B370066C43B /* ListEvent.m */ = {isa = PBXFileReference; fileEncoding = 4; lastKnownFileType = sourcecode.c.objc; path = ListEvent.m; sourceTree = "<group>"; };
		EA26D3A317DD5E220066C43B /* CustomCellColor.h */ = {isa = PBXFileReference; fileEncoding = 4; lastKnownFileType = sourcecode.c.h; path = CustomCellColor.h; sourceTree = "<group>"; };
		EA26D3A417DD5E220066C43B /* CustomCellColor.m */ = {isa = PBXFileReference; fileEncoding = 4; lastKnownFileType = sourcecode.c.objc; path = CustomCellColor.m; sourceTree = "<group>"; };
		EA33247118A8DDAB00916A7E /* super-rough-nav2.png */ = {isa = PBXFileReference; lastKnownFileType = image.png; path = "super-rough-nav2.png"; sourceTree = "<group>"; };
		EA5589EF1931D13600D5F97B /* pencil.png */ = {isa = PBXFileReference; lastKnownFileType = image.png; path = pencil.png; sourceTree = "<group>"; };
		EA5589F11931D71100D5F97B /* trash-2.png */ = {isa = PBXFileReference; lastKnownFileType = image.png; path = "trash-2.png"; sourceTree = "<group>"; };
		EA5589F31931D8E400D5F97B /* super-rough-nav2-trash2.png */ = {isa = PBXFileReference; lastKnownFileType = image.png; path = "super-rough-nav2-trash2.png"; sourceTree = "<group>"; };
		EA6C5928191B209400BC7469 /* MenuViewController.h */ = {isa = PBXFileReference; fileEncoding = 4; lastKnownFileType = sourcecode.c.h; path = MenuViewController.h; sourceTree = "<group>"; };
		EA6C5929191B209400BC7469 /* MenuViewController.m */ = {isa = PBXFileReference; fileEncoding = 4; lastKnownFileType = sourcecode.c.objc; path = MenuViewController.m; sourceTree = "<group>"; };
		EA74F46218AC567B00B2B5E9 /* super-rough-nav2-check.png */ = {isa = PBXFileReference; lastKnownFileType = image.png; path = "super-rough-nav2-check.png"; sourceTree = "<group>"; };
		EA74F46318AC567B00B2B5E9 /* super-rough-nav2-trash.png */ = {isa = PBXFileReference; lastKnownFileType = image.png; path = "super-rough-nav2-trash.png"; sourceTree = "<group>"; };
		EA762F8E17EBA14E00B80123 /* DetailViewController.h */ = {isa = PBXFileReference; fileEncoding = 4; lastKnownFileType = sourcecode.c.h; path = DetailViewController.h; sourceTree = "<group>"; };
		EA762F8F17EBA14E00B80123 /* DetailViewController.m */ = {isa = PBXFileReference; fileEncoding = 4; lastKnownFileType = sourcecode.c.objc; path = DetailViewController.m; sourceTree = "<group>"; };
		EA7C519F19B2B9270028FFF9 /* checkmark-icon.png */ = {isa = PBXFileReference; lastKnownFileType = image.png; path = "checkmark-icon.png"; sourceTree = "<group>"; };
		EA7C51A019B2B9270028FFF9 /* trash-can-icon.png */ = {isa = PBXFileReference; lastKnownFileType = image.png; path = "trash-can-icon.png"; sourceTree = "<group>"; };
		EAB8DA3E18FE3A090021D595 /* List.h */ = {isa = PBXFileReference; fileEncoding = 4; lastKnownFileType = sourcecode.c.h; path = List.h; sourceTree = "<group>"; };
		EAB8DA3F18FE3A090021D595 /* List.m */ = {isa = PBXFileReference; fileEncoding = 4; lastKnownFileType = sourcecode.c.objc; path = List.m; sourceTree = "<group>"; };
		EAC4408F19B56E9000340334 /* to-do-icon-rough2.png */ = {isa = PBXFileReference; lastKnownFileType = image.png; path = "to-do-icon-rough2.png"; sourceTree = "<group>"; };
		EAC4409119B5701200340334 /* to-do-icon-rough3.png */ = {isa = PBXFileReference; lastKnownFileType = image.png; path = "to-do-icon-rough3.png"; sourceTree = "<group>"; };
		EAEB577C18F67A2D006C42F8 /* ListSet.h */ = {isa = PBXFileReference; fileEncoding = 4; lastKnownFileType = sourcecode.c.h; path = ListSet.h; sourceTree = "<group>"; };
		EAEB577D18F67A2D006C42F8 /* ListSet.m */ = {isa = PBXFileReference; fileEncoding = 4; lastKnownFileType = sourcecode.c.objc; path = ListSet.m; sourceTree = "<group>"; };
		EAEB577F18F67CFA006C42F8 /* ListSetDataSource.h */ = {isa = PBXFileReference; fileEncoding = 4; lastKnownFileType = sourcecode.c.h; path = ListSetDataSource.h; sourceTree = "<group>"; };
		EAEB578018F67CFA006C42F8 /* ListSetDataSource.m */ = {isa = PBXFileReference; fileEncoding = 4; lastKnownFileType = sourcecode.c.objc; path = ListSetDataSource.m; sourceTree = "<group>"; };
		EAFDD8701856F2200049F482 /* save_data.plist */ = {isa = PBXFileReference; fileEncoding = 4; lastKnownFileType = text.plist.xml; path = save_data.plist; sourceTree = "<group>"; };
		F8FEF2D9795B4347BB56A7C5 /* Pods.xcconfig */ = {isa = PBXFileReference; includeInIndex = 1; lastKnownFileType = text.xcconfig; name = Pods.xcconfig; path = Pods/Pods.xcconfig; sourceTree = "<group>"; };
/* End PBXFileReference section */

/* Begin PBXFrameworksBuildPhase section */
		EA26D36917DD582E0066C43B /* Frameworks */ = {
			isa = PBXFrameworksBuildPhase;
			buildActionMask = 2147483647;
			files = (
				EA26D37017DD582E0066C43B /* UIKit.framework in Frameworks */,
				EA26D37217DD582E0066C43B /* Foundation.framework in Frameworks */,
				EA26D37417DD582E0066C43B /* CoreGraphics.framework in Frameworks */,
				5A923BB97DEB48568939414E /* libPods.a in Frameworks */,
			);
			runOnlyForDeploymentPostprocessing = 0;
		};
/* End PBXFrameworksBuildPhase section */

/* Begin PBXGroup section */
		EA26D36317DD582E0066C43B = {
			isa = PBXGroup;
			children = (
				EA0E69CF191AF6B00025AE6C /* Podfile */,
				EA26D37517DD582E0066C43B /* project2 part 3 */,
				EA26D36E17DD582E0066C43B /* Frameworks */,
				EA26D36D17DD582E0066C43B /* Products */,
				F8FEF2D9795B4347BB56A7C5 /* Pods.xcconfig */,
			);
			sourceTree = "<group>";
		};
		EA26D36D17DD582E0066C43B /* Products */ = {
			isa = PBXGroup;
			children = (
				EA26D36C17DD582E0066C43B /* project2 part 3.app */,
			);
			name = Products;
			sourceTree = "<group>";
		};
		EA26D36E17DD582E0066C43B /* Frameworks */ = {
			isa = PBXGroup;
			children = (
				EA26D36F17DD582E0066C43B /* UIKit.framework */,
				EA26D37117DD582E0066C43B /* Foundation.framework */,
				EA26D37317DD582E0066C43B /* CoreGraphics.framework */,
				74C82BAC16084C17A3117F34 /* libPods.a */,
			);
			name = Frameworks;
			sourceTree = "<group>";
		};
		EA26D37517DD582E0066C43B /* project2 part 3 */ = {
			isa = PBXGroup;
			children = (
				EA26D39317DD58C90066C43B /* storyboards */,
				EA26D39F17DD5CDE0066C43B /* datasource */,
				EA26D39B17DD5B210066C43B /* models */,
				EA26D39617DD59F10066C43B /* views */,
				EA26D39417DD58D60066C43B /* controllers */,
				EA26D39217DD58B80066C43B /* delegate */,
				EA26D37617DD582E0066C43B /* Supporting Files */,
			);
			path = "project2 part 3";
			sourceTree = "<group>";
		};
		EA26D37617DD582E0066C43B /* Supporting Files */ = {
			isa = PBXGroup;
			children = (
				EA7C519F19B2B9270028FFF9 /* checkmark-icon.png */,
				EA7C51A019B2B9270028FFF9 /* trash-can-icon.png */,
				EAC4408F19B56E9000340334 /* to-do-icon-rough2.png */,
				EAC4409119B5701200340334 /* to-do-icon-rough3.png */,
				EA5589EF1931D13600D5F97B /* pencil.png */,
				EA5589F31931D8E400D5F97B /* super-rough-nav2-trash2.png */,
				EA5589F11931D71100D5F97B /* trash-2.png */,
				EA33247118A8DDAB00916A7E /* super-rough-nav2.png */,
				EA74F46218AC567B00B2B5E9 /* super-rough-nav2-check.png */,
				EA74F46318AC567B00B2B5E9 /* super-rough-nav2-trash.png */,
				EA26D37717DD582E0066C43B /* project2 part 3-Info.plist */,
				EA26D37817DD582E0066C43B /* InfoPlist.strings */,
				EA26D37B17DD582E0066C43B /* main.m */,
				EA26D37D17DD582E0066C43B /* project2 part 3-Prefix.pch */,
				EA26D38117DD582E0066C43B /* Default.png */,
				EA26D38317DD582E0066C43B /* Default@2x.png */,
				EA26D38517DD582E0066C43B /* Default-568h@2x.png */,
				EAFDD8701856F2200049F482 /* save_data.plist */,
			);
			name = "Supporting Files";
			sourceTree = "<group>";
		};
		EA26D39217DD58B80066C43B /* delegate */ = {
			isa = PBXGroup;
			children = (
				EA26D37E17DD582E0066C43B /* AppDelegate.h */,
				EA26D37F17DD582E0066C43B /* AppDelegate.m */,
			);
			name = delegate;
			sourceTree = "<group>";
		};
		EA26D39317DD58C90066C43B /* storyboards */ = {
			isa = PBXGroup;
			children = (
				EA26D38717DD582E0066C43B /* MainStoryboard.storyboard */,
			);
			name = storyboards;
			sourceTree = "<group>";
		};
		EA26D39417DD58D60066C43B /* controllers */ = {
			isa = PBXGroup;
			children = (
				EA26D38A17DD582E0066C43B /* ListEventViewController.h */,
				EA26D38B17DD582E0066C43B /* ListEventViewController.m */,
				EA762F8E17EBA14E00B80123 /* DetailViewController.h */,
				EA762F8F17EBA14E00B80123 /* DetailViewController.m */,
				EA6C5928191B209400BC7469 /* MenuViewController.h */,
				EA6C5929191B209400BC7469 /* MenuViewController.m */,
			);
			name = controllers;
			sourceTree = "<group>";
		};
		EA26D39617DD59F10066C43B /* views */ = {
			isa = PBXGroup;
			children = (
				EA26D39717DD5A030066C43B /* table cells */,
			);
			name = views;
			sourceTree = "<group>";
		};
		EA26D39717DD5A030066C43B /* table cells */ = {
			isa = PBXGroup;
			children = (
				EA26D39817DD5A280066C43B /* ListEventCell.h */,
				EA26D39917DD5A280066C43B /* ListEventCell.m */,
				EA045B91191C35C9006E660B /* MenuTableViewCell.h */,
				EA045B92191C35C9006E660B /* MenuTableViewCell.m */,
			);
			name = "table cells";
			sourceTree = "<group>";
		};
		EA26D39B17DD5B210066C43B /* models */ = {
			isa = PBXGroup;
			children = (
				EA26D39C17DD5B370066C43B /* ListEvent.h */,
				EA26D39D17DD5B370066C43B /* ListEvent.m */,
				EAB8DA3E18FE3A090021D595 /* List.h */,
				EAB8DA3F18FE3A090021D595 /* List.m */,
				EAEB577C18F67A2D006C42F8 /* ListSet.h */,
				EAEB577D18F67A2D006C42F8 /* ListSet.m */,
				EA26D3A317DD5E220066C43B /* CustomCellColor.h */,
				EA26D3A417DD5E220066C43B /* CustomCellColor.m */,
			);
			name = models;
			sourceTree = "<group>";
		};
		EA26D39F17DD5CDE0066C43B /* datasource */ = {
			isa = PBXGroup;
			children = (
				EAEB577F18F67CFA006C42F8 /* ListSetDataSource.h */,
				EAEB578018F67CFA006C42F8 /* ListSetDataSource.m */,
				EA23A77518ACCB1900AD2BF3 /* MemoryDataSource.h */,
				EA23A77618ACCB1900AD2BF3 /* MemoryDataSource.m */,
			);
			name = datasource;
			sourceTree = "<group>";
		};
/* End PBXGroup section */

/* Begin PBXNativeTarget section */
		EA26D36B17DD582E0066C43B /* project2 part 3 */ = {
			isa = PBXNativeTarget;
			buildConfigurationList = EA26D38F17DD582E0066C43B /* Build configuration list for PBXNativeTarget "project2 part 3" */;
			buildPhases = (
				0AF432F702894BF89646AE21 /* Check Pods Manifest.lock */,
				EA26D36817DD582E0066C43B /* Sources */,
				EA26D36917DD582E0066C43B /* Frameworks */,
				EA26D36A17DD582E0066C43B /* Resources */,
				983C872EF8714CE2A3D54AAB /* Copy Pods Resources */,
			);
			buildRules = (
			);
			dependencies = (
			);
			name = "project2 part 3";
			productName = "project2 part 3";
			productReference = EA26D36C17DD582E0066C43B /* project2 part 3.app */;
			productType = "com.apple.product-type.application";
		};
/* End PBXNativeTarget section */

/* Begin PBXProject section */
		EA26D36417DD582E0066C43B /* Project object */ = {
			isa = PBXProject;
			attributes = {
				LastUpgradeCheck = 0460;
				ORGANIZATIONNAME = tonyalbor;
				TargetAttributes = {
					EA26D36B17DD582E0066C43B = {
						DevelopmentTeam = 998B9U96MF;
					};
				};
			};
			buildConfigurationList = EA26D36717DD582E0066C43B /* Build configuration list for PBXProject "project2 part 3" */;
			compatibilityVersion = "Xcode 3.2";
			developmentRegion = English;
			hasScannedForEncodings = 0;
			knownRegions = (
				en,
			);
			mainGroup = EA26D36317DD582E0066C43B;
			productRefGroup = EA26D36D17DD582E0066C43B /* Products */;
			projectDirPath = "";
			projectRoot = "";
			targets = (
				EA26D36B17DD582E0066C43B /* project2 part 3 */,
			);
		};
/* End PBXProject section */

/* Begin PBXResourcesBuildPhase section */
		EA26D36A17DD582E0066C43B /* Resources */ = {
			isa = PBXResourcesBuildPhase;
			buildActionMask = 2147483647;
			files = (
				EA0E69D0191AF6B00025AE6C /* Podfile in Resources */,
				EA26D37A17DD582E0066C43B /* InfoPlist.strings in Resources */,
				EAC4409219B5701200340334 /* to-do-icon-rough3.png in Resources */,
				EA33247218A8DDAB00916A7E /* super-rough-nav2.png in Resources */,
				EA5589F21931D71100D5F97B /* trash-2.png in Resources */,
				EAFDD8711856F2200049F482 /* save_data.plist in Resources */,
				EAC4409019B56E9000340334 /* to-do-icon-rough2.png in Resources */,
				EA26D38217DD582E0066C43B /* Default.png in Resources */,
				EA7C51A219B2B9270028FFF9 /* trash-can-icon.png in Resources */,
				EA7C51A119B2B9270028FFF9 /* checkmark-icon.png in Resources */,
				EA74F46518AC567B00B2B5E9 /* super-rough-nav2-trash.png in Resources */,
				EA26D38417DD582E0066C43B /* Default@2x.png in Resources */,
				EA74F46418AC567B00B2B5E9 /* super-rough-nav2-check.png in Resources */,
				EA26D38617DD582E0066C43B /* Default-568h@2x.png in Resources */,
				EA26D38917DD582E0066C43B /* MainStoryboard.storyboard in Resources */,
				EA5589F01931D13600D5F97B /* pencil.png in Resources */,
				EA5589F41931D8E400D5F97B /* super-rough-nav2-trash2.png in Resources */,
			);
			runOnlyForDeploymentPostprocessing = 0;
		};
/* End PBXResourcesBuildPhase section */

/* Begin PBXShellScriptBuildPhase section */
		0AF432F702894BF89646AE21 /* Check Pods Manifest.lock */ = {
			isa = PBXShellScriptBuildPhase;
			buildActionMask = 2147483647;
			files = (
			);
			inputPaths = (
			);
			name = "Check Pods Manifest.lock";
			outputPaths = (
			);
			runOnlyForDeploymentPostprocessing = 0;
			shellPath = /bin/sh;
			shellScript = "diff \"${PODS_ROOT}/../Podfile.lock\" \"${PODS_ROOT}/Manifest.lock\" > /dev/null\nif [[ $? != 0 ]] ; then\n    cat << EOM\nerror: The sandbox is not in sync with the Podfile.lock. Run 'pod install' or update your CocoaPods installation.\nEOM\n    exit 1\nfi\n";
			showEnvVarsInLog = 0;
		};
		983C872EF8714CE2A3D54AAB /* Copy Pods Resources */ = {
			isa = PBXShellScriptBuildPhase;
			buildActionMask = 2147483647;
			files = (
			);
			inputPaths = (
			);
			name = "Copy Pods Resources";
			outputPaths = (
			);
			runOnlyForDeploymentPostprocessing = 0;
			shellPath = /bin/sh;
			shellScript = "\"${SRCROOT}/Pods/Pods-resources.sh\"\n";
			showEnvVarsInLog = 0;
		};
/* End PBXShellScriptBuildPhase section */

/* Begin PBXSourcesBuildPhase section */
		EA26D36817DD582E0066C43B /* Sources */ = {
			isa = PBXSourcesBuildPhase;
			buildActionMask = 2147483647;
			files = (
				EAEB577E18F67A2D006C42F8 /* ListSet.m in Sources */,
				EA23A77718ACCB1900AD2BF3 /* MemoryDataSource.m in Sources */,
				EA26D37C17DD582E0066C43B /* main.m in Sources */,
				EA26D38017DD582E0066C43B /* AppDelegate.m in Sources */,
				EA26D38C17DD582E0066C43B /* ListEventViewController.m in Sources */,
				EAEB578118F67CFA006C42F8 /* ListSetDataSource.m in Sources */,
				EA762F9017EBA14E00B80123 /* DetailViewController.m in Sources */,
				EA6C592A191B209400BC7469 /* MenuViewController.m in Sources */,
				EA26D39A17DD5A280066C43B /* ListEventCell.m in Sources */,
				EA26D39E17DD5B370066C43B /* ListEvent.m in Sources */,
				EAB8DA4018FE3A090021D595 /* List.m in Sources */,
				EA045B93191C35CA006E660B /* MenuTableViewCell.m in Sources */,
				EA26D3A517DD5E220066C43B /* CustomCellColor.m in Sources */,
			);
			runOnlyForDeploymentPostprocessing = 0;
		};
/* End PBXSourcesBuildPhase section */

/* Begin PBXVariantGroup section */
		EA26D37817DD582E0066C43B /* InfoPlist.strings */ = {
			isa = PBXVariantGroup;
			children = (
				EA26D37917DD582E0066C43B /* en */,
			);
			name = InfoPlist.strings;
			sourceTree = "<group>";
		};
		EA26D38717DD582E0066C43B /* MainStoryboard.storyboard */ = {
			isa = PBXVariantGroup;
			children = (
				EA26D38817DD582E0066C43B /* en */,
			);
			name = MainStoryboard.storyboard;
			sourceTree = "<group>";
		};
/* End PBXVariantGroup section */

/* Begin XCBuildConfiguration section */
		EA26D38D17DD582E0066C43B /* Debug */ = {
			isa = XCBuildConfiguration;
			buildSettings = {
				ALWAYS_SEARCH_USER_PATHS = NO;
				CLANG_CXX_LANGUAGE_STANDARD = "gnu++0x";
				CLANG_CXX_LIBRARY = "libc++";
				CLANG_ENABLE_OBJC_ARC = YES;
				CLANG_WARN_CONSTANT_CONVERSION = YES;
				CLANG_WARN_EMPTY_BODY = YES;
				CLANG_WARN_ENUM_CONVERSION = YES;
				CLANG_WARN_INT_CONVERSION = YES;
				CLANG_WARN__DUPLICATE_METHOD_MATCH = YES;
				"CODE_SIGN_IDENTITY[sdk=iphoneos*]" = "iPhone Developer";
				COPY_PHASE_STRIP = NO;
				GCC_C_LANGUAGE_STANDARD = gnu99;
				GCC_DYNAMIC_NO_PIC = NO;
				GCC_OPTIMIZATION_LEVEL = 0;
				GCC_PREPROCESSOR_DEFINITIONS = (
					"DEBUG=1",
					"$(inherited)",
				);
				GCC_SYMBOLS_PRIVATE_EXTERN = NO;
				GCC_WARN_ABOUT_RETURN_TYPE = YES;
				GCC_WARN_UNINITIALIZED_AUTOS = YES;
				GCC_WARN_UNUSED_VARIABLE = YES;
				IPHONEOS_DEPLOYMENT_TARGET = 6.1;
				ONLY_ACTIVE_ARCH = YES;
				SDKROOT = iphoneos;
			};
			name = Debug;
		};
		EA26D38E17DD582E0066C43B /* Release */ = {
			isa = XCBuildConfiguration;
			buildSettings = {
				ALWAYS_SEARCH_USER_PATHS = NO;
				CLANG_CXX_LANGUAGE_STANDARD = "gnu++0x";
				CLANG_CXX_LIBRARY = "libc++";
				CLANG_ENABLE_OBJC_ARC = YES;
				CLANG_WARN_CONSTANT_CONVERSION = YES;
				CLANG_WARN_EMPTY_BODY = YES;
				CLANG_WARN_ENUM_CONVERSION = YES;
				CLANG_WARN_INT_CONVERSION = YES;
				CLANG_WARN__DUPLICATE_METHOD_MATCH = YES;
				"CODE_SIGN_IDENTITY[sdk=iphoneos*]" = "iPhone Developer";
				COPY_PHASE_STRIP = YES;
				GCC_C_LANGUAGE_STANDARD = gnu99;
				GCC_WARN_ABOUT_RETURN_TYPE = YES;
				GCC_WARN_UNINITIALIZED_AUTOS = YES;
				GCC_WARN_UNUSED_VARIABLE = YES;
				IPHONEOS_DEPLOYMENT_TARGET = 6.1;
				OTHER_CFLAGS = "-DNS_BLOCK_ASSERTIONS=1";
				SDKROOT = iphoneos;
				VALIDATE_PRODUCT = YES;
			};
			name = Release;
		};
		EA26D39017DD582E0066C43B /* Debug */ = {
			isa = XCBuildConfiguration;
			baseConfigurationReference = F8FEF2D9795B4347BB56A7C5 /* Pods.xcconfig */;
			buildSettings = {
				CODE_SIGN_IDENTITY = "iPhone Developer";
				"CODE_SIGN_IDENTITY[sdk=iphoneos*]" = "iPhone Developer";
				GCC_PRECOMPILE_PREFIX_HEADER = YES;
				GCC_PREFIX_HEADER = "project2 part 3/project2 part 3-Prefix.pch";
				INFOPLIST_FILE = "project2 part 3/project2 part 3-Info.plist";
				PRODUCT_NAME = "$(TARGET_NAME)";
				PROVISIONING_PROFILE = "";
				WRAPPER_EXTENSION = app;
			};
			name = Debug;
		};
		EA26D39117DD582E0066C43B /* Release */ = {
			isa = XCBuildConfiguration;
			baseConfigurationReference = F8FEF2D9795B4347BB56A7C5 /* Pods.xcconfig */;
			buildSettings = {
				CODE_SIGN_IDENTITY = "iPhone Developer";
				"CODE_SIGN_IDENTITY[sdk=iphoneos*]" = "iPhone Developer";
				GCC_PRECOMPILE_PREFIX_HEADER = YES;
				GCC_PREFIX_HEADER = "project2 part 3/project2 part 3-Prefix.pch";
				INFOPLIST_FILE = "project2 part 3/project2 part 3-Info.plist";
				PRODUCT_NAME = "$(TARGET_NAME)";
				PROVISIONING_PROFILE = "";
				WRAPPER_EXTENSION = app;
			};
			name = Release;
		};
/* End XCBuildConfiguration section */

/* Begin XCConfigurationList section */
		EA26D36717DD582E0066C43B /* Build configuration list for PBXProject "project2 part 3" */ = {
			isa = XCConfigurationList;
			buildConfigurations = (
				EA26D38D17DD582E0066C43B /* Debug */,
				EA26D38E17DD582E0066C43B /* Release */,
			);
			defaultConfigurationIsVisible = 0;
			defaultConfigurationName = Release;
		};
		EA26D38F17DD582E0066C43B /* Build configuration list for PBXNativeTarget "project2 part 3" */ = {
			isa = XCConfigurationList;
			buildConfigurations = (
				EA26D39017DD582E0066C43B /* Debug */,
				EA26D39117DD582E0066C43B /* Release */,
			);
			defaultConfigurationIsVisible = 0;
			defaultConfigurationName = Release;
		};
/* End XCConfigurationList section */
	};
	rootObject = EA26D36417DD582E0066C43B /* Project object */;
}
